<?xml version="1.0" encoding="utf-8"?>
<Project ToolsVersion="4.0" xmlns="http://schemas.microsoft.com/developer/msbuild/2003">
  <ItemGroup>
    <ClCompile Include="imgui-docking\imgui.cpp">
      <Filter>core\imgui</Filter>
    </ClCompile>
    <ClCompile Include="imgui-docking\imgui_demo.cpp">
      <Filter>core\imgui</Filter>
    </ClCompile>
    <ClCompile Include="imgui-docking\imgui_draw.cpp">
      <Filter>core\imgui</Filter>
    </ClCompile>
    <ClCompile Include="imgui-docking\imgui_impl_dx9.cpp">
      <Filter>core\imgui</Filter>
    </ClCompile>
    <ClCompile Include="imgui-docking\imgui_impl_win32.cpp">
      <Filter>core\imgui</Filter>
    </ClCompile>
    <ClCompile Include="imgui-docking\imgui_widgets.cpp">
      <Filter>core\imgui</Filter>
    </ClCompile>
    <ClCompile Include="main.cpp" />
    <ClCompile Include="font_awesome.cpp">
      <Filter>core\extra</Filter>
    </ClCompile>
  </ItemGroup>
  <ItemGroup>
    <ClInclude Include="imgui-docking\imconfig.h">
      <Filter>core\imgui</Filter>
    </ClInclude>
    <ClInclude Include="imgui-docking\imgui.h">
      <Filter>core\imgui</Filter>
    </ClInclude>
    <ClInclude Include="imgui-docking\imgui_impl_dx9.h">
      <Filter>core\imgui</Filter>
    </ClInclude>
    <ClInclude Include="imgui-docking\imgui_impl_win32.h">
      <Filter>core\imgui</Filter>
    </ClInclude>
    <ClInclude Include="imgui-docking\imgui_internal.h">
      <Filter>core\imgui</Filter>
    </ClInclude>
    <ClInclude Include="imgui-docking\imstb_rectpack.h">
      <Filter>core\imgui</Filter>
    </ClInclude>
    <ClInclude Include="imgui-docking\imstb_textedit.h">
      <Filter>core\imgui</Filter>
    </ClInclude>
    <ClInclude Include="imgui-docking\imstb_truetype.h">
      <Filter>core\imgui</Filter>
    </ClInclude>
    <ClInclude Include="main.h" />
    <ClInclude Include="font_awesome.h">
      <Filter>core\extra</Filter>
    </ClInclude>
    <ClInclude Include="options.h">
      <Filter>core\extra</Filter>
    </ClInclude>
  </ItemGroup>
  <ItemGroup>
    <Filter Include="core">
      <UniqueIdentifier>{8e44ed71-b771-4678-a273-9737e7673d87}</UniqueIdentifier>
    </Filter>
    <Filter Include="core\imgui">
      <UniqueIdentifier>{8cf77124-bebc-471d-acac-8b9b1ffc2a66}</UniqueIdentifier>
    </Filter>
    <Filter Include="core\extra">
      <UniqueIdentifier>{f1ceeb0e-0bbc-436b-8b9b-b5eec4c0b5bb}</UniqueIdentifier>
    </Filter>
    <Filter Include="core\tabs">
      <UniqueIdentifier>{8ef5f4b2-371c-48cb-b4c4-f3621e7bed1d}</UniqueIdentifier>
    </Filter>
  </ItemGroup>
</Project>